// !$*UTF8*$!
{
	archiveVersion = 1;
	classes = {
	};
	objectVersion = 77;
	objects = {

/* Begin PBXBuildFile section */
		EC1F53DA2E5EBAEC0072C3C2 /* ArgumentParser in Frameworks */ = {isa = PBXBuildFile; productRef = EC1F53D92E5EBAEC0072C3C2 /* ArgumentParser */; };
		EC1F54072E5EBDEA0072C3C2 /* DotEnvEncoding.framework in Frameworks */ = {isa = PBXBuildFile; fileRef = EC1F53FC2E5EBDEA0072C3C2 /* DotEnvEncoding.framework */; };
		EC1F54142E5EBEEA0072C3C2 /* DotEnvEncoding.framework in Frameworks */ = {isa = PBXBuildFile; fileRef = EC1F53FC2E5EBDEA0072C3C2 /* DotEnvEncoding.framework */; };
/* End PBXBuildFile section */

/* Begin PBXContainerItemProxy section */
		EC1F54082E5EBDEA0072C3C2 /* PBXContainerItemProxy */ = {
			isa = PBXContainerItemProxy;
			containerPortal = EC90F7892E52E5FE005BF176 /* Project object */;
			proxyType = 1;
			remoteGlobalIDString = EC1F53FB2E5EBDEA0072C3C2;
			remoteInfo = DotEnvEncoder;
		};
		EC1F54162E5EBEEA0072C3C2 /* PBXContainerItemProxy */ = {
			isa = PBXContainerItemProxy;
			containerPortal = EC90F7892E52E5FE005BF176 /* Project object */;
			proxyType = 1;
			remoteGlobalIDString = EC1F53FB2E5EBDEA0072C3C2;
			remoteInfo = DotEnvEncoder;
		};
/* End PBXContainerItemProxy section */

/* Begin PBXCopyFilesBuildPhase section */
		EC1F53C62E5EBA030072C3C2 /* CopyFiles */ = {
			isa = PBXCopyFilesBuildPhase;
			buildActionMask = 2147483647;
			dstPath = /usr/share/man/man1/;
			dstSubfolderSpec = 0;
			files = (
			);
			runOnlyForDeploymentPostprocessing = 1;
		};
/* End PBXCopyFilesBuildPhase section */

/* Begin PBXFileReference section */
		EC1F53D12E5EBA700072C3C2 /* BrewManager */ = {isa = PBXFileReference; explicitFileType = "compiled.mach-o.executable"; includeInIndex = 0; path = BrewManager; sourceTree = BUILT_PRODUCTS_DIR; };
		EC1F53FC2E5EBDEA0072C3C2 /* DotEnvEncoding.framework */ = {isa = PBXFileReference; explicitFileType = wrapper.framework; includeInIndex = 0; path = DotEnvEncoding.framework; sourceTree = BUILT_PRODUCTS_DIR; };
		EC1F54062E5EBDEA0072C3C2 /* DotEnvEncodingTests.xctest */ = {isa = PBXFileReference; explicitFileType = wrapper.cfbundle; includeInIndex = 0; path = DotEnvEncodingTests.xctest; sourceTree = BUILT_PRODUCTS_DIR; };
		EC1F54252E5EC3B20072C3C2 /* LICENSE */ = {isa = PBXFileReference; lastKnownFileType = text; path = LICENSE; sourceTree = "<group>"; };
		EC90F7A42E52E70D005BF176 /* .gitignore */ = {isa = PBXFileReference; lastKnownFileType = text; path = .gitignore; sourceTree = "<group>"; };
		EC90F7A62E52E71D005BF176 /* README.md */ = {isa = PBXFileReference; lastKnownFileType = net.daringfireball.markdown; path = README.md; sourceTree = "<group>"; };
/* End PBXFileReference section */

/* Begin PBXFileSystemSynchronizedRootGroup section */
		EC1F534D2E5AADD00072C3C2 /* Assets */ = {
			isa = PBXFileSystemSynchronizedRootGroup;
			path = Assets;
			sourceTree = "<group>";
		};
		EC1F53C92E5EBA030072C3C2 /* BrewManager */ = {
			isa = PBXFileSystemSynchronizedRootGroup;
			path = BrewManager;
			sourceTree = "<group>";
		};
		EC1F53FD2E5EBDEA0072C3C2 /* DotEnvEncoding */ = {
			isa = PBXFileSystemSynchronizedRootGroup;
			path = DotEnvEncoding;
			sourceTree = "<group>";
		};
		EC1F540A2E5EBDEA0072C3C2 /* DotEnvEncodingTests */ = {
			isa = PBXFileSystemSynchronizedRootGroup;
			path = DotEnvEncodingTests;
			sourceTree = "<group>";
		};
		EC90F7AF2E52E9EE005BF176 /* Packaging */ = {
			isa = PBXFileSystemSynchronizedRootGroup;
			path = Packaging;
			sourceTree = "<group>";
		};
/* End PBXFileSystemSynchronizedRootGroup section */

/* Begin PBXFrameworksBuildPhase section */
		EC1F53C52E5EBA030072C3C2 /* Frameworks */ = {
			isa = PBXFrameworksBuildPhase;
			buildActionMask = 2147483647;
			files = (
				EC1F53DA2E5EBAEC0072C3C2 /* ArgumentParser in Frameworks */,
				EC1F54142E5EBEEA0072C3C2 /* DotEnvEncoding.framework in Frameworks */,
			);
			runOnlyForDeploymentPostprocessing = 0;
		};
		EC1F53F92E5EBDEA0072C3C2 /* Frameworks */ = {
			isa = PBXFrameworksBuildPhase;
			buildActionMask = 2147483647;
			files = (
			);
			runOnlyForDeploymentPostprocessing = 0;
		};
		EC1F54032E5EBDEA0072C3C2 /* Frameworks */ = {
			isa = PBXFrameworksBuildPhase;
			buildActionMask = 2147483647;
			files = (
				EC1F54072E5EBDEA0072C3C2 /* DotEnvEncoding.framework in Frameworks */,
			);
			runOnlyForDeploymentPostprocessing = 0;
		};
/* End PBXFrameworksBuildPhase section */

/* Begin PBXGroup section */
		EC1F534C2E5AADAD0072C3C2 /* Products */ = {
			isa = PBXGroup;
			children = (
				EC1F53FC2E5EBDEA0072C3C2 /* DotEnvEncoding.framework */,
				EC1F54062E5EBDEA0072C3C2 /* DotEnvEncodingTests.xctest */,
				EC1F53D12E5EBA700072C3C2 /* BrewManager */,
			);
			path = Products;
			sourceTree = "<group>";
		};
		EC90F7882E52E5FE005BF176 = {
			isa = PBXGroup;
			children = (
				EC90F7AF2E52E9EE005BF176 /* Packaging */,
				EC1F534D2E5AADD00072C3C2 /* Assets */,
				EC1F53C92E5EBA030072C3C2 /* BrewManager */,
				EC1F53FD2E5EBDEA0072C3C2 /* DotEnvEncoding */,
				EC1F540A2E5EBDEA0072C3C2 /* DotEnvEncodingTests */,
				EC1F534C2E5AADAD0072C3C2 /* Products */,
				EC90F7A62E52E71D005BF176 /* README.md */,
				EC1F54252E5EC3B20072C3C2 /* LICENSE */,
				EC90F7A42E52E70D005BF176 /* .gitignore */,
			);
			sourceTree = "<group>";
		};
/* End PBXGroup section */

/* Begin PBXHeadersBuildPhase section */
		EC1F53F72E5EBDEA0072C3C2 /* Headers */ = {
			isa = PBXHeadersBuildPhase;
			buildActionMask = 2147483647;
			files = (
			);
			runOnlyForDeploymentPostprocessing = 0;
		};
/* End PBXHeadersBuildPhase section */

/* Begin PBXNativeTarget section */
		EC1F53C72E5EBA030072C3C2 /* BrewManager */ = {
			isa = PBXNativeTarget;
			buildConfigurationList = EC1F53CC2E5EBA030072C3C2 /* Build configuration list for PBXNativeTarget "BrewManager" */;
			buildPhases = (
				EC1F53C42E5EBA030072C3C2 /* Sources */,
				EC1F53C52E5EBA030072C3C2 /* Frameworks */,
				EC1F53C62E5EBA030072C3C2 /* CopyFiles */,
			);
			buildRules = (
			);
			dependencies = (
				EC1F54172E5EBEEA0072C3C2 /* PBXTargetDependency */,
			);
			fileSystemSynchronizedGroups = (
				EC1F53C92E5EBA030072C3C2 /* BrewManager */,
			);
			name = BrewManager;
			packageProductDependencies = (
				EC1F53D92E5EBAEC0072C3C2 /* ArgumentParser */,
			);
			productName = BrewManager2;
			productReference = EC1F53D12E5EBA700072C3C2 /* BrewManager */;
			productType = "com.apple.product-type.tool";
		};
		EC1F53FB2E5EBDEA0072C3C2 /* DotEnvEncoding */ = {
			isa = PBXNativeTarget;
			buildConfigurationList = EC1F540D2E5EBDEA0072C3C2 /* Build configuration list for PBXNativeTarget "DotEnvEncoding" */;
			buildPhases = (
				EC1F53F72E5EBDEA0072C3C2 /* Headers */,
				EC1F53F82E5EBDEA0072C3C2 /* Sources */,
				EC1F53F92E5EBDEA0072C3C2 /* Frameworks */,
				EC1F53FA2E5EBDEA0072C3C2 /* Resources */,
			);
			buildRules = (
			);
			dependencies = (
			);
			fileSystemSynchronizedGroups = (
				EC1F53FD2E5EBDEA0072C3C2 /* DotEnvEncoding */,
			);
			name = DotEnvEncoding;
			packageProductDependencies = (
			);
			productName = DotEnvEncoder;
			productReference = EC1F53FC2E5EBDEA0072C3C2 /* DotEnvEncoding.framework */;
			productType = "com.apple.product-type.framework";
		};
		EC1F54052E5EBDEA0072C3C2 /* DotEnvEncodingTests */ = {
			isa = PBXNativeTarget;
			buildConfigurationList = EC1F54102E5EBDEA0072C3C2 /* Build configuration list for PBXNativeTarget "DotEnvEncodingTests" */;
			buildPhases = (
				EC1F54022E5EBDEA0072C3C2 /* Sources */,
				EC1F54032E5EBDEA0072C3C2 /* Frameworks */,
				EC1F54042E5EBDEA0072C3C2 /* Resources */,
			);
			buildRules = (
			);
			dependencies = (
				EC1F54092E5EBDEA0072C3C2 /* PBXTargetDependency */,
			);
			fileSystemSynchronizedGroups = (
				EC1F540A2E5EBDEA0072C3C2 /* DotEnvEncodingTests */,
			);
			name = DotEnvEncodingTests;
			packageProductDependencies = (
			);
			productName = DotEnvEncoderTests;
			productReference = EC1F54062E5EBDEA0072C3C2 /* DotEnvEncodingTests.xctest */;
			productType = "com.apple.product-type.bundle.unit-test";
		};
/* End PBXNativeTarget section */

/* Begin PBXProject section */
		EC90F7892E52E5FE005BF176 /* Project object */ = {
			isa = PBXProject;
			attributes = {
				BuildIndependentTargetsInParallel = 1;
				LastSwiftUpdateCheck = 1640;
				LastUpgradeCheck = 1640;
				TargetAttributes = {
					EC1F53C72E5EBA030072C3C2 = {
						CreatedOnToolsVersion = 16.4;
					};
					EC1F53FB2E5EBDEA0072C3C2 = {
						CreatedOnToolsVersion = 16.4;
					};
					EC1F54052E5EBDEA0072C3C2 = {
						CreatedOnToolsVersion = 16.4;
					};
				};
			};
			buildConfigurationList = EC90F78C2E52E5FE005BF176 /* Build configuration list for PBXProject "BrewManager" */;
			developmentRegion = en;
			hasScannedForEncodings = 0;
			knownRegions = (
				en,
				Base,
			);
			mainGroup = EC90F7882E52E5FE005BF176;
			minimizedProjectReferenceProxies = 1;
			packageReferences = (
				EC1F53D82E5EBAEC0072C3C2 /* XCRemoteSwiftPackageReference "swift-argument-parser" */,
			);
			preferredProjectObjectVersion = 77;
			productRefGroup = EC90F7882E52E5FE005BF176;
			projectDirPath = "";
			projectRoot = "";
			targets = (
				EC1F53C72E5EBA030072C3C2 /* BrewManager */,
				EC1F53FB2E5EBDEA0072C3C2 /* DotEnvEncoding */,
				EC1F54052E5EBDEA0072C3C2 /* DotEnvEncodingTests */,
			);
		};
/* End PBXProject section */

/* Begin PBXResourcesBuildPhase section */
		EC1F53FA2E5EBDEA0072C3C2 /* Resources */ = {
			isa = PBXResourcesBuildPhase;
			buildActionMask = 2147483647;
			files = (
			);
			runOnlyForDeploymentPostprocessing = 0;
		};
		EC1F54042E5EBDEA0072C3C2 /* Resources */ = {
			isa = PBXResourcesBuildPhase;
			buildActionMask = 2147483647;
			files = (
			);
			runOnlyForDeploymentPostprocessing = 0;
		};
/* End PBXResourcesBuildPhase section */

/* Begin PBXSourcesBuildPhase section */
		EC1F53C42E5EBA030072C3C2 /* Sources */ = {
			isa = PBXSourcesBuildPhase;
			buildActionMask = 2147483647;
			files = (
			);
			runOnlyForDeploymentPostprocessing = 0;
		};
		EC1F53F82E5EBDEA0072C3C2 /* Sources */ = {
			isa = PBXSourcesBuildPhase;
			buildActionMask = 2147483647;
			files = (
			);
			runOnlyForDeploymentPostprocessing = 0;
		};
		EC1F54022E5EBDEA0072C3C2 /* Sources */ = {
			isa = PBXSourcesBuildPhase;
			buildActionMask = 2147483647;
			files = (
			);
			runOnlyForDeploymentPostprocessing = 0;
		};
/* End PBXSourcesBuildPhase section */

/* Begin PBXTargetDependency section */
		EC1F54092E5EBDEA0072C3C2 /* PBXTargetDependency */ = {
			isa = PBXTargetDependency;
			target = EC1F53FB2E5EBDEA0072C3C2 /* DotEnvEncoding */;
			targetProxy = EC1F54082E5EBDEA0072C3C2 /* PBXContainerItemProxy */;
		};
		EC1F54172E5EBEEA0072C3C2 /* PBXTargetDependency */ = {
			isa = PBXTargetDependency;
			target = EC1F53FB2E5EBDEA0072C3C2 /* DotEnvEncoding */;
			targetProxy = EC1F54162E5EBEEA0072C3C2 /* PBXContainerItemProxy */;
		};
/* End PBXTargetDependency section */

/* Begin XCBuildConfiguration section */
		EC1F53CD2E5EBA030072C3C2 /* Debug */ = {
			isa = XCBuildConfiguration;
			buildSettings = {
				CODE_SIGN_STYLE = Automatic;
				CREATE_INFOPLIST_SECTION_IN_BINARY = YES;
				DEVELOPMENT_TEAM = 2E9K39V4CT;
				ENABLE_HARDENED_RUNTIME = YES;
				GENERATE_INFOPLIST_FILE = YES;
				GENERATE_PKGINFO_FILE = YES;
				PRODUCT_BUNDLE_IDENTIFIER = com.dgrdev.BrewManager;
				PRODUCT_NAME = "$(TARGET_NAME)";
				SWIFT_VERSION = 5.0;
			};
			name = Debug;
		};
		EC1F53CE2E5EBA030072C3C2 /* Release */ = {
			isa = XCBuildConfiguration;
			buildSettings = {
				CODE_SIGN_STYLE = Automatic;
				CREATE_INFOPLIST_SECTION_IN_BINARY = YES;
				DEVELOPMENT_TEAM = 2E9K39V4CT;
				ENABLE_HARDENED_RUNTIME = YES;
				GENERATE_INFOPLIST_FILE = YES;
				GENERATE_PKGINFO_FILE = YES;
				PRODUCT_BUNDLE_IDENTIFIER = com.dgrdev.BrewManager;
				PRODUCT_NAME = "$(TARGET_NAME)";
				SWIFT_VERSION = 5.0;
			};
			name = Release;
		};
		EC1F540E2E5EBDEA0072C3C2 /* Debug */ = {
			isa = XCBuildConfiguration;
			buildSettings = {
				BUILD_LIBRARY_FOR_DISTRIBUTION = YES;
				CODE_SIGN_STYLE = Automatic;
				COMBINE_HIDPI_IMAGES = YES;
				CURRENT_PROJECT_VERSION = 1;
				DEVELOPMENT_TEAM = 2E9K39V4CT;
				DYLIB_COMPATIBILITY_VERSION = 1;
				DYLIB_CURRENT_VERSION = 1;
				DYLIB_INSTALL_NAME_BASE = "@rpath";
				ENABLE_MODULE_VERIFIER = YES;
				GENERATE_INFOPLIST_FILE = YES;
				INFOPLIST_KEY_NSHumanReadableCopyright = "";
				INSTALL_PATH = "$(LOCAL_LIBRARY_DIR)/Frameworks";
				LD_RUNPATH_SEARCH_PATHS = (
					"$(inherited)",
					"@executable_path/../Frameworks",
					"@loader_path/Frameworks",
				);
				MACH_O_TYPE = staticlib;
				MARKETING_VERSION = 1.0;
				MODULE_VERIFIER_SUPPORTED_LANGUAGES = "objective-c objective-c++";
				MODULE_VERIFIER_SUPPORTED_LANGUAGE_STANDARDS = "gnu17 gnu++20";
				PRODUCT_BUNDLE_IDENTIFIER = com.dgrdev.DotEnvEncoding;
				PRODUCT_NAME = "$(TARGET_NAME:c99extidentifier)";
				SKIP_INSTALL = YES;
				SWIFT_EMIT_LOC_STRINGS = YES;
				SWIFT_INSTALL_MODULE = YES;
				SWIFT_INSTALL_OBJC_HEADER = NO;
				SWIFT_VERSION = 5.0;
				VERSIONING_SYSTEM = "apple-generic";
				VERSION_INFO_PREFIX = "";
			};
			name = Debug;
		};
		EC1F540F2E5EBDEA0072C3C2 /* Release */ = {
			isa = XCBuildConfiguration;
			buildSettings = {
				BUILD_LIBRARY_FOR_DISTRIBUTION = YES;
				CODE_SIGN_STYLE = Automatic;
				COMBINE_HIDPI_IMAGES = YES;
				CURRENT_PROJECT_VERSION = 1;
				DEVELOPMENT_TEAM = 2E9K39V4CT;
				DYLIB_COMPATIBILITY_VERSION = 1;
				DYLIB_CURRENT_VERSION = 1;
				DYLIB_INSTALL_NAME_BASE = "@rpath";
				ENABLE_MODULE_VERIFIER = YES;
				GENERATE_INFOPLIST_FILE = YES;
				INFOPLIST_KEY_NSHumanReadableCopyright = "";
				INSTALL_PATH = "$(LOCAL_LIBRARY_DIR)/Frameworks";
				LD_RUNPATH_SEARCH_PATHS = (
					"$(inherited)",
					"@executable_path/../Frameworks",
					"@loader_path/Frameworks",
				);
				MACH_O_TYPE = staticlib;
				MARKETING_VERSION = 1.0;
				MODULE_VERIFIER_SUPPORTED_LANGUAGES = "objective-c objective-c++";
				MODULE_VERIFIER_SUPPORTED_LANGUAGE_STANDARDS = "gnu17 gnu++20";
				PRODUCT_BUNDLE_IDENTIFIER = com.dgrdev.DotEnvEncoding;
				PRODUCT_NAME = "$(TARGET_NAME:c99extidentifier)";
				SKIP_INSTALL = YES;
				SWIFT_EMIT_LOC_STRINGS = YES;
				SWIFT_INSTALL_MODULE = YES;
				SWIFT_INSTALL_OBJC_HEADER = NO;
				SWIFT_VERSION = 5.0;
				VERSIONING_SYSTEM = "apple-generic";
				VERSION_INFO_PREFIX = "";
			};
			name = Release;
		};
		EC1F54112E5EBDEA0072C3C2 /* Debug */ = {
			isa = XCBuildConfiguration;
			buildSettings = {
				CODE_SIGN_STYLE = Automatic;
				CURRENT_PROJECT_VERSION = 1;
				DEVELOPMENT_TEAM = 2E9K39V4CT;
				GENERATE_INFOPLIST_FILE = YES;
				MARKETING_VERSION = 1.0;
				PRODUCT_BUNDLE_IDENTIFIER = com.dgrdev.DotEnvEncoderTests;
				PRODUCT_NAME = "$(TARGET_NAME)";
				SWIFT_EMIT_LOC_STRINGS = NO;
				SWIFT_VERSION = 5.0;
			};
			name = Debug;
		};
		EC1F54122E5EBDEA0072C3C2 /* Release */ = {
			isa = XCBuildConfiguration;
			buildSettings = {
				CODE_SIGN_STYLE = Automatic;
				CURRENT_PROJECT_VERSION = 1;
				DEVELOPMENT_TEAM = 2E9K39V4CT;
				GENERATE_INFOPLIST_FILE = YES;
				MARKETING_VERSION = 1.0;
				PRODUCT_BUNDLE_IDENTIFIER = com.dgrdev.DotEnvEncoderTests;
				PRODUCT_NAME = "$(TARGET_NAME)";
				SWIFT_EMIT_LOC_STRINGS = NO;
				SWIFT_VERSION = 5.0;
			};
			name = Release;
		};
		EC90F79B2E52E5FF005BF176 /* Debug */ = {
			isa = XCBuildConfiguration;
			buildSettings = {
				ALWAYS_SEARCH_USER_PATHS = NO;
				ASSETCATALOG_COMPILER_GENERATE_SWIFT_ASSET_SYMBOL_EXTENSIONS = YES;
				CLANG_ANALYZER_NONNULL = YES;
				CLANG_ANALYZER_NUMBER_OBJECT_CONVERSION = YES_AGGRESSIVE;
				CLANG_CXX_LANGUAGE_STANDARD = "gnu++20";
				CLANG_ENABLE_MODULES = YES;
				CLANG_ENABLE_OBJC_ARC = YES;
				CLANG_ENABLE_OBJC_WEAK = YES;
				CLANG_WARN_BLOCK_CAPTURE_AUTORELEASING = YES;
				CLANG_WARN_BOOL_CONVERSION = YES;
				CLANG_WARN_COMMA = YES;
				CLANG_WARN_CONSTANT_CONVERSION = YES;
				CLANG_WARN_DEPRECATED_OBJC_IMPLEMENTATIONS = YES;
				CLANG_WARN_DIRECT_OBJC_ISA_USAGE = YES_ERROR;
				CLANG_WARN_DOCUMENTATION_COMMENTS = YES;
				CLANG_WARN_EMPTY_BODY = YES;
				CLANG_WARN_ENUM_CONVERSION = YES;
				CLANG_WARN_INFINITE_RECURSION = YES;
				CLANG_WARN_INT_CONVERSION = YES;
				CLANG_WARN_NON_LITERAL_NULL_CONVERSION = YES;
				CLANG_WARN_OBJC_IMPLICIT_RETAIN_SELF = YES;
				CLANG_WARN_OBJC_LITERAL_CONVERSION = YES;
				CLANG_WARN_OBJC_ROOT_CLASS = YES_ERROR;
				CLANG_WARN_QUOTED_INCLUDE_IN_FRAMEWORK_HEADER = YES;
				CLANG_WARN_RANGE_LOOP_ANALYSIS = YES;
				CLANG_WARN_STRICT_PROTOTYPES = YES;
				CLANG_WARN_SUSPICIOUS_MOVE = YES;
				CLANG_WARN_UNGUARDED_AVAILABILITY = YES_AGGRESSIVE;
				CLANG_WARN_UNREACHABLE_CODE = YES;
				CLANG_WARN__DUPLICATE_METHOD_MATCH = YES;
				COPY_PHASE_STRIP = NO;
				DEBUG_INFORMATION_FORMAT = dwarf;
				DEVELOPMENT_TEAM = 2E9K39V4CT;
				ENABLE_STRICT_OBJC_MSGSEND = YES;
				ENABLE_TESTABILITY = YES;
				ENABLE_USER_SCRIPT_SANDBOXING = YES;
				GCC_C_LANGUAGE_STANDARD = gnu17;
				GCC_DYNAMIC_NO_PIC = NO;
				GCC_NO_COMMON_BLOCKS = YES;
				GCC_OPTIMIZATION_LEVEL = 0;
				GCC_PREPROCESSOR_DEFINITIONS = (
					"DEBUG=1",
					"$(inherited)",
				);
				GCC_WARN_64_TO_32_BIT_CONVERSION = YES;
				GCC_WARN_ABOUT_RETURN_TYPE = YES_ERROR;
				GCC_WARN_UNDECLARED_SELECTOR = YES;
				GCC_WARN_UNINITIALIZED_AUTOS = YES_AGGRESSIVE;
				GCC_WARN_UNUSED_FUNCTION = YES;
				GCC_WARN_UNUSED_VARIABLE = YES;
				LOCALIZATION_PREFERS_STRING_CATALOGS = YES;
				MACOSX_DEPLOYMENT_TARGET = 15.5;
				MTL_ENABLE_DEBUG_INFO = INCLUDE_SOURCE;
				MTL_FAST_MATH = YES;
				ONLY_ACTIVE_ARCH = YES;
				SDKROOT = macosx;
				SWIFT_ACTIVE_COMPILATION_CONDITIONS = "DEBUG $(inherited)";
				SWIFT_OPTIMIZATION_LEVEL = "-Onone";
			};
			name = Debug;
		};
		EC90F79C2E52E5FF005BF176 /* Release */ = {
			isa = XCBuildConfiguration;
			buildSettings = {
				ALWAYS_SEARCH_USER_PATHS = NO;
				ASSETCATALOG_COMPILER_GENERATE_SWIFT_ASSET_SYMBOL_EXTENSIONS = YES;
				CLANG_ANALYZER_NONNULL = YES;
				CLANG_ANALYZER_NUMBER_OBJECT_CONVERSION = YES_AGGRESSIVE;
				CLANG_CXX_LANGUAGE_STANDARD = "gnu++20";
				CLANG_ENABLE_MODULES = YES;
				CLANG_ENABLE_OBJC_ARC = YES;
				CLANG_ENABLE_OBJC_WEAK = YES;
				CLANG_WARN_BLOCK_CAPTURE_AUTORELEASING = YES;
				CLANG_WARN_BOOL_CONVERSION = YES;
				CLANG_WARN_COMMA = YES;
				CLANG_WARN_CONSTANT_CONVERSION = YES;
				CLANG_WARN_DEPRECATED_OBJC_IMPLEMENTATIONS = YES;
				CLANG_WARN_DIRECT_OBJC_ISA_USAGE = YES_ERROR;
				CLANG_WARN_DOCUMENTATION_COMMENTS = YES;
				CLANG_WARN_EMPTY_BODY = YES;
				CLANG_WARN_ENUM_CONVERSION = YES;
				CLANG_WARN_INFINITE_RECURSION = YES;
				CLANG_WARN_INT_CONVERSION = YES;
				CLANG_WARN_NON_LITERAL_NULL_CONVERSION = YES;
				CLANG_WARN_OBJC_IMPLICIT_RETAIN_SELF = YES;
				CLANG_WARN_OBJC_LITERAL_CONVERSION = YES;
				CLANG_WARN_OBJC_ROOT_CLASS = YES_ERROR;
				CLANG_WARN_QUOTED_INCLUDE_IN_FRAMEWORK_HEADER = YES;
				CLANG_WARN_RANGE_LOOP_ANALYSIS = YES;
				CLANG_WARN_STRICT_PROTOTYPES = YES;
				CLANG_WARN_SUSPICIOUS_MOVE = YES;
				CLANG_WARN_UNGUARDED_AVAILABILITY = YES_AGGRESSIVE;
				CLANG_WARN_UNREACHABLE_CODE = YES;
				CLANG_WARN__DUPLICATE_METHOD_MATCH = YES;
				COPY_PHASE_STRIP = NO;
				DEBUG_INFORMATION_FORMAT = "dwarf-with-dsym";
				DEVELOPMENT_TEAM = 2E9K39V4CT;
				ENABLE_NS_ASSERTIONS = NO;
				ENABLE_STRICT_OBJC_MSGSEND = YES;
				ENABLE_USER_SCRIPT_SANDBOXING = YES;
				GCC_C_LANGUAGE_STANDARD = gnu17;
				GCC_NO_COMMON_BLOCKS = YES;
				GCC_WARN_64_TO_32_BIT_CONVERSION = YES;
				GCC_WARN_ABOUT_RETURN_TYPE = YES_ERROR;
				GCC_WARN_UNDECLARED_SELECTOR = YES;
				GCC_WARN_UNINITIALIZED_AUTOS = YES_AGGRESSIVE;
				GCC_WARN_UNUSED_FUNCTION = YES;
				GCC_WARN_UNUSED_VARIABLE = YES;
				LOCALIZATION_PREFERS_STRING_CATALOGS = YES;
				MACOSX_DEPLOYMENT_TARGET = 15.5;
				MTL_ENABLE_DEBUG_INFO = NO;
				MTL_FAST_MATH = YES;
				SDKROOT = macosx;
				SWIFT_COMPILATION_MODE = wholemodule;
			};
			name = Release;
		};
/* End XCBuildConfiguration section */

/* Begin XCConfigurationList section */
		EC1F53CC2E5EBA030072C3C2 /* Build configuration list for PBXNativeTarget "BrewManager" */ = {
			isa = XCConfigurationList;
			buildConfigurations = (
				EC1F53CD2E5EBA030072C3C2 /* Debug */,
				EC1F53CE2E5EBA030072C3C2 /* Release */,
			);
			defaultConfigurationIsVisible = 0;
			defaultConfigurationName = Release;
		};
		EC1F540D2E5EBDEA0072C3C2 /* Build configuration list for PBXNativeTarget "DotEnvEncoding" */ = {
			isa = XCConfigurationList;
			buildConfigurations = (
				EC1F540E2E5EBDEA0072C3C2 /* Debug */,
				EC1F540F2E5EBDEA0072C3C2 /* Release */,
			);
			defaultConfigurationIsVisible = 0;
			defaultConfigurationName = Release;
		};
		EC1F54102E5EBDEA0072C3C2 /* Build configuration list for PBXNativeTarget "DotEnvEncodingTests" */ = {
			isa = XCConfigurationList;
			buildConfigurations = (
				EC1F54112E5EBDEA0072C3C2 /* Debug */,
				EC1F54122E5EBDEA0072C3C2 /* Release */,
			);
			defaultConfigurationIsVisible = 0;
			defaultConfigurationName = Release;
		};
		EC90F78C2E52E5FE005BF176 /* Build configuration list for PBXProject "BrewManager" */ = {
			isa = XCConfigurationList;
			buildConfigurations = (
				EC90F79B2E52E5FF005BF176 /* Debug */,
				EC90F79C2E52E5FF005BF176 /* Release */,
			);
			defaultConfigurationIsVisible = 0;
			defaultConfigurationName = Release;
		};
/* End XCConfigurationList section */

/* Begin XCRemoteSwiftPackageReference section */
		EC1F53D82E5EBAEC0072C3C2 /* XCRemoteSwiftPackageReference "swift-argument-parser" */ = {
			isa = XCRemoteSwiftPackageReference;
			repositoryURL = "https://github.com/apple/swift-argument-parser.git";
			requirement = {
				kind = upToNextMajorVersion;
				minimumVersion = 1.6.1;
			};
		};
/* End XCRemoteSwiftPackageReference section */

/* Begin XCSwiftPackageProductDependency section */
		EC1F53D92E5EBAEC0072C3C2 /* ArgumentParser */ = {
			isa = XCSwiftPackageProductDependency;
			package = EC1F53D82E5EBAEC0072C3C2 /* XCRemoteSwiftPackageReference "swift-argument-parser" */;
			productName = ArgumentParser;
		};
/* End XCSwiftPackageProductDependency section */
	};
	rootObject = EC90F7892E52E5FE005BF176 /* Project object */;
}
